
Microsoft Visual Studio Solution File, Format Version 12.00
# Visual Studio Version 17
VisualStudioVersion = 17.4.33103.184
MinimumVisualStudioVersion = 10.0.40219.1
Project("{FAE04EC0-301F-11D3-BF4B-00C04F79EFBC}") = "BloomFIlter", "BloomFIlter\BloomFIlter.csproj", "{72AE32DA-5F6A-4954-A900-84F4206BB55E}"
EndProject
Global
	GlobalSection(SolutionConfigurationPlatforms) = preSolution
		Debug|Any CPU = Debug|Any CPU
		Release|Any CPU = Release|Any CPU
	EndGlobalSection
	GlobalSection(ProjectConfigurationPlatforms) = postSolution
		{72AE32DA-5F6A-4954-A900-84F4206BB55E}.Debug|Any CPU.ActiveCfg = Debug|Any CPU
		{72AE32DA-5F6A-4954-A900-84F4206BB55E}.Debug|Any CPU.Build.0 = Debug|Any CPU
		{72AE32DA-5F6A-4954-A900-84F4206BB55E}.Release|Any CPU.ActiveCfg = Release|Any CPU
		{72AE32DA-5F6A-4954-A900-84F4206BB55E}.Release|Any CPU.Build.0 = Release|Any CPU
	EndGlobalSection
	GlobalSection(SolutionProperties) = preSolution
		HideSolutionNode = FALSE
	EndGlobalSection
	GlobalSection(ExtensibilityGlobals) = postSolution
		SolutionGuid = {6F2A89E7-314C-4FF1-AD0E-20480A55E3B7}
	EndGlobalSection
EndGlobal
